// !$*UTF8*$!
{
	archiveVersion = 1;
	classes = {
	};
	objectVersion = 46;
	objects = {

/* Begin PBXBuildFile section */
		C6562C071DCB3ADB006C5273 /* icon.png in Resources */ = {isa = PBXBuildFile; fileRef = C6562C061DCB3ADB006C5273 /* icon.png */; };
		C66062491DEC32A50041A9C6 /* YouYunPush.framework in Frameworks */ = {isa = PBXBuildFile; fileRef = C66062481DEC32A50041A9C6 /* YouYunPush.framework */; };
		C66814CC1DE2F7D30003D7F0 /* UserNotifications.framework in Frameworks */ = {isa = PBXBuildFile; fileRef = C66814B21DE2D61C0003D7F0 /* UserNotifications.framework */; };
		C66814CD1DE2F7D30003D7F0 /* UserNotificationsUI.framework in Frameworks */ = {isa = PBXBuildFile; fileRef = C66814B41DE2D61C0003D7F0 /* UserNotificationsUI.framework */; };
		C66814D11DE2F7D30003D7F0 /* NotificationViewController.m in Sources */ = {isa = PBXBuildFile; fileRef = C66814D01DE2F7D30003D7F0 /* NotificationViewController.m */; };
		C66814D41DE2F7D30003D7F0 /* MainInterface.storyboard in Resources */ = {isa = PBXBuildFile; fileRef = C66814D21DE2F7D30003D7F0 /* MainInterface.storyboard */; };
		C66814D81DE2F7D30003D7F0 /* YouYunPushContent.appex in Embed App Extensions */ = {isa = PBXBuildFile; fileRef = C66814CB1DE2F7D30003D7F0 /* YouYunPushContent.appex */; settings = {ATTRIBUTES = (RemoveHeadersOnCopy, ); }; };
		C66814E41DE2F9210003D7F0 /* NotificationService.m in Sources */ = {isa = PBXBuildFile; fileRef = C66814E31DE2F9210003D7F0 /* NotificationService.m */; };
		C66814E81DE2F9210003D7F0 /* YouYunPushService.appex in Embed App Extensions */ = {isa = PBXBuildFile; fileRef = C66814E01DE2F9210003D7F0 /* YouYunPushService.appex */; settings = {ATTRIBUTES = (RemoveHeadersOnCopy, ); }; };
		C6D669CD1DCAED15008C4DE3 /* main.m in Sources */ = {isa = PBXBuildFile; fileRef = C6D669CC1DCAED15008C4DE3 /* main.m */; };
		C6D669D01DCAED15008C4DE3 /* AppDelegate.m in Sources */ = {isa = PBXBuildFile; fileRef = C6D669CF1DCAED15008C4DE3 /* AppDelegate.m */; };
		C6D669D31DCAED15008C4DE3 /* ViewController.m in Sources */ = {isa = PBXBuildFile; fileRef = C6D669D21DCAED15008C4DE3 /* ViewController.m */; };
		C6D669D61DCAED15008C4DE3 /* Main.storyboard in Resources */ = {isa = PBXBuildFile; fileRef = C6D669D41DCAED15008C4DE3 /* Main.storyboard */; };
		C6D669D81DCAED15008C4DE3 /* Assets.xcassets in Resources */ = {isa = PBXBuildFile; fileRef = C6D669D71DCAED15008C4DE3 /* Assets.xcassets */; };
		C6D669DB1DCAED15008C4DE3 /* LaunchScreen.storyboard in Resources */ = {isa = PBXBuildFile; fileRef = C6D669D91DCAED15008C4DE3 /* LaunchScreen.storyboard */; };
		C6D669E61DCAED15008C4DE3 /* YouYunPushDemoTests.m in Sources */ = {isa = PBXBuildFile; fileRef = C6D669E51DCAED15008C4DE3 /* YouYunPushDemoTests.m */; };
		C6D669F11DCAED15008C4DE3 /* YouYunPushDemoUITests.m in Sources */ = {isa = PBXBuildFile; fileRef = C6D669F01DCAED15008C4DE3 /* YouYunPushDemoUITests.m */; };
/* End PBXBuildFile section */

/* Begin PBXContainerItemProxy section */
		C66814D61DE2F7D30003D7F0 /* PBXContainerItemProxy */ = {
			isa = PBXContainerItemProxy;
			containerPortal = C6D669C01DCAED15008C4DE3 /* Project object */;
			proxyType = 1;
			remoteGlobalIDString = C66814CA1DE2F7D30003D7F0;
			remoteInfo = YouYunPushContent;
		};
		C66814E61DE2F9210003D7F0 /* PBXContainerItemProxy */ = {
			isa = PBXContainerItemProxy;
			containerPortal = C6D669C01DCAED15008C4DE3 /* Project object */;
			proxyType = 1;
			remoteGlobalIDString = C66814DF1DE2F9210003D7F0;
			remoteInfo = YouYunPushService;
		};
		C6D669E21DCAED15008C4DE3 /* PBXContainerItemProxy */ = {
			isa = PBXContainerItemProxy;
			containerPortal = C6D669C01DCAED15008C4DE3 /* Project object */;
			proxyType = 1;
			remoteGlobalIDString = C6D669C71DCAED15008C4DE3;
			remoteInfo = YouYunPushDemo;
		};
		C6D669ED1DCAED15008C4DE3 /* PBXContainerItemProxy */ = {
			isa = PBXContainerItemProxy;
			containerPortal = C6D669C01DCAED15008C4DE3 /* Project object */;
			proxyType = 1;
			remoteGlobalIDString = C6D669C71DCAED15008C4DE3;
			remoteInfo = YouYunPushDemo;
		};
/* End PBXContainerItemProxy section */

/* Begin PBXCopyFilesBuildPhase section */
		C66814C61DE2D61D0003D7F0 /* Embed App Extensions */ = {
			isa = PBXCopyFilesBuildPhase;
			buildActionMask = 2147483647;
			dstPath = "";
			dstSubfolderSpec = 13;
			files = (
				C66814D81DE2F7D30003D7F0 /* YouYunPushContent.appex in Embed App Extensions */,
				C66814E81DE2F9210003D7F0 /* YouYunPushService.appex in Embed App Extensions */,
			);
			name = "Embed App Extensions";
			runOnlyForDeploymentPostprocessing = 0;
		};
		C6E451B41DCAFB4400B32B74 /* Embed Frameworks */ = {
			isa = PBXCopyFilesBuildPhase;
			buildActionMask = 2147483647;
			dstPath = "";
			dstSubfolderSpec = 10;
			files = (
			);
			name = "Embed Frameworks";
			runOnlyForDeploymentPostprocessing = 0;
		};
/* End PBXCopyFilesBuildPhase section */

/* Begin PBXFileReference section */
		C6562C061DCB3ADB006C5273 /* icon.png */ = {isa = PBXFileReference; lastKnownFileType = image.png; path = icon.png; sourceTree = "<group>"; };
		C66062481DEC32A50041A9C6 /* YouYunPush.framework */ = {isa = PBXFileReference; lastKnownFileType = wrapper.framework; path = YouYunPush.framework; sourceTree = "<group>"; };
		C66814B21DE2D61C0003D7F0 /* UserNotifications.framework */ = {isa = PBXFileReference; lastKnownFileType = wrapper.framework; name = UserNotifications.framework; path = System/Library/Frameworks/UserNotifications.framework; sourceTree = SDKROOT; };
		C66814B41DE2D61C0003D7F0 /* UserNotificationsUI.framework */ = {isa = PBXFileReference; lastKnownFileType = wrapper.framework; name = UserNotificationsUI.framework; path = System/Library/Frameworks/UserNotificationsUI.framework; sourceTree = SDKROOT; };
		C66814CB1DE2F7D30003D7F0 /* YouYunPushContent.appex */ = {isa = PBXFileReference; explicitFileType = "wrapper.app-extension"; includeInIndex = 0; path = YouYunPushContent.appex; sourceTree = BUILT_PRODUCTS_DIR; };
		C66814CF1DE2F7D30003D7F0 /* NotificationViewController.h */ = {isa = PBXFileReference; lastKnownFileType = sourcecode.c.h; path = NotificationViewController.h; sourceTree = "<group>"; };
		C66814D01DE2F7D30003D7F0 /* NotificationViewController.m */ = {isa = PBXFileReference; lastKnownFileType = sourcecode.c.objc; path = NotificationViewController.m; sourceTree = "<group>"; };
		C66814D31DE2F7D30003D7F0 /* Base */ = {isa = PBXFileReference; lastKnownFileType = file.storyboard; name = Base; path = Base.lproj/MainInterface.storyboard; sourceTree = "<group>"; };
		C66814D51DE2F7D30003D7F0 /* Info.plist */ = {isa = PBXFileReference; lastKnownFileType = text.plist.xml; path = Info.plist; sourceTree = "<group>"; };
		C66814E01DE2F9210003D7F0 /* YouYunPushService.appex */ = {isa = PBXFileReference; explicitFileType = "wrapper.app-extension"; includeInIndex = 0; path = YouYunPushService.appex; sourceTree = BUILT_PRODUCTS_DIR; };
		C66814E21DE2F9210003D7F0 /* NotificationService.h */ = {isa = PBXFileReference; lastKnownFileType = sourcecode.c.h; path = NotificationService.h; sourceTree = "<group>"; };
		C66814E31DE2F9210003D7F0 /* NotificationService.m */ = {isa = PBXFileReference; lastKnownFileType = sourcecode.c.objc; path = NotificationService.m; sourceTree = "<group>"; };
		C66814E51DE2F9210003D7F0 /* Info.plist */ = {isa = PBXFileReference; lastKnownFileType = text.plist.xml; path = Info.plist; sourceTree = "<group>"; };
		C6D669C81DCAED15008C4DE3 /* YouYunPushDemo.app */ = {isa = PBXFileReference; explicitFileType = wrapper.application; includeInIndex = 0; path = YouYunPushDemo.app; sourceTree = BUILT_PRODUCTS_DIR; };
		C6D669CC1DCAED15008C4DE3 /* main.m */ = {isa = PBXFileReference; lastKnownFileType = sourcecode.c.objc; path = main.m; sourceTree = "<group>"; };
		C6D669CE1DCAED15008C4DE3 /* AppDelegate.h */ = {isa = PBXFileReference; lastKnownFileType = sourcecode.c.h; path = AppDelegate.h; sourceTree = "<group>"; };
		C6D669CF1DCAED15008C4DE3 /* AppDelegate.m */ = {isa = PBXFileReference; lastKnownFileType = sourcecode.c.objc; path = AppDelegate.m; sourceTree = "<group>"; };
		C6D669D11DCAED15008C4DE3 /* ViewController.h */ = {isa = PBXFileReference; lastKnownFileType = sourcecode.c.h; path = ViewController.h; sourceTree = "<group>"; };
		C6D669D21DCAED15008C4DE3 /* ViewController.m */ = {isa = PBXFileReference; lastKnownFileType = sourcecode.c.objc; path = ViewController.m; sourceTree = "<group>"; };
		C6D669D51DCAED15008C4DE3 /* Base */ = {isa = PBXFileReference; lastKnownFileType = file.storyboard; name = Base; path = Base.lproj/Main.storyboard; sourceTree = "<group>"; };
		C6D669D71DCAED15008C4DE3 /* Assets.xcassets */ = {isa = PBXFileReference; lastKnownFileType = folder.assetcatalog; path = Assets.xcassets; sourceTree = "<group>"; };
		C6D669DA1DCAED15008C4DE3 /* Base */ = {isa = PBXFileReference; lastKnownFileType = file.storyboard; name = Base; path = Base.lproj/LaunchScreen.storyboard; sourceTree = "<group>"; };
		C6D669DC1DCAED15008C4DE3 /* Info.plist */ = {isa = PBXFileReference; lastKnownFileType = text.plist.xml; path = Info.plist; sourceTree = "<group>"; };
		C6D669E11DCAED15008C4DE3 /* YouYunPushDemoTests.xctest */ = {isa = PBXFileReference; explicitFileType = wrapper.cfbundle; includeInIndex = 0; path = YouYunPushDemoTests.xctest; sourceTree = BUILT_PRODUCTS_DIR; };
		C6D669E51DCAED15008C4DE3 /* YouYunPushDemoTests.m */ = {isa = PBXFileReference; lastKnownFileType = sourcecode.c.objc; path = YouYunPushDemoTests.m; sourceTree = "<group>"; };
		C6D669E71DCAED15008C4DE3 /* Info.plist */ = {isa = PBXFileReference; lastKnownFileType = text.plist.xml; path = Info.plist; sourceTree = "<group>"; };
		C6D669EC1DCAED15008C4DE3 /* YouYunPushDemoUITests.xctest */ = {isa = PBXFileReference; explicitFileType = wrapper.cfbundle; includeInIndex = 0; path = YouYunPushDemoUITests.xctest; sourceTree = BUILT_PRODUCTS_DIR; };
		C6D669F01DCAED15008C4DE3 /* YouYunPushDemoUITests.m */ = {isa = PBXFileReference; lastKnownFileType = sourcecode.c.objc; path = YouYunPushDemoUITests.m; sourceTree = "<group>"; };
		C6D669F21DCAED15008C4DE3 /* Info.plist */ = {isa = PBXFileReference; lastKnownFileType = text.plist.xml; path = Info.plist; sourceTree = "<group>"; };
		C6D669FE1DCAED26008C4DE3 /* YouYunPushDemo.entitlements */ = {isa = PBXFileReference; lastKnownFileType = text.plist.entitlements; path = YouYunPushDemo.entitlements; sourceTree = "<group>"; };
/* End PBXFileReference section */

/* Begin PBXFrameworksBuildPhase section */
		C66814C81DE2F7D30003D7F0 /* Frameworks */ = {
			isa = PBXFrameworksBuildPhase;
			buildActionMask = 2147483647;
			files = (
				C66814CD1DE2F7D30003D7F0 /* UserNotificationsUI.framework in Frameworks */,
				C66814CC1DE2F7D30003D7F0 /* UserNotifications.framework in Frameworks */,
			);
			runOnlyForDeploymentPostprocessing = 0;
		};
		C66814DD1DE2F9210003D7F0 /* Frameworks */ = {
			isa = PBXFrameworksBuildPhase;
			buildActionMask = 2147483647;
			files = (
			);
			runOnlyForDeploymentPostprocessing = 0;
		};
		C6D669C51DCAED15008C4DE3 /* Frameworks */ = {
			isa = PBXFrameworksBuildPhase;
			buildActionMask = 2147483647;
			files = (
				C66062491DEC32A50041A9C6 /* YouYunPush.framework in Frameworks */,
			);
			runOnlyForDeploymentPostprocessing = 0;
		};
		C6D669DE1DCAED15008C4DE3 /* Frameworks */ = {
			isa = PBXFrameworksBuildPhase;
			buildActionMask = 2147483647;
			files = (
			);
			runOnlyForDeploymentPostprocessing = 0;
		};
		C6D669E91DCAED15008C4DE3 /* Frameworks */ = {
			isa = PBXFrameworksBuildPhase;
			buildActionMask = 2147483647;
			files = (
			);
			runOnlyForDeploymentPostprocessing = 0;
		};
/* End PBXFrameworksBuildPhase section */

/* Begin PBXGroup section */
		C66814B11DE2D61C0003D7F0 /* Frameworks */ = {
			isa = PBXGroup;
			children = (
				C66814B21DE2D61C0003D7F0 /* UserNotifications.framework */,
				C66814B41DE2D61C0003D7F0 /* UserNotificationsUI.framework */,
			);
			name = Frameworks;
			sourceTree = "<group>";
		};
		C66814CE1DE2F7D30003D7F0 /* YouYunPushContent */ = {
			isa = PBXGroup;
			children = (
				C66814CF1DE2F7D30003D7F0 /* NotificationViewController.h */,
				C66814D01DE2F7D30003D7F0 /* NotificationViewController.m */,
				C66814D21DE2F7D30003D7F0 /* MainInterface.storyboard */,
				C66814D51DE2F7D30003D7F0 /* Info.plist */,
			);
			path = YouYunPushContent;
			sourceTree = "<group>";
		};
		C66814E11DE2F9210003D7F0 /* YouYunPushService */ = {
			isa = PBXGroup;
			children = (
				C66814E21DE2F9210003D7F0 /* NotificationService.h */,
				C66814E31DE2F9210003D7F0 /* NotificationService.m */,
				C66814E51DE2F9210003D7F0 /* Info.plist */,
			);
			path = YouYunPushService;
			sourceTree = "<group>";
		};
		C6D669BF1DCAED15008C4DE3 = {
			isa = PBXGroup;
			children = (
				C6D669CA1DCAED15008C4DE3 /* YouYunPushDemo */,
				C6D669E41DCAED15008C4DE3 /* YouYunPushDemoTests */,
				C6D669EF1DCAED15008C4DE3 /* YouYunPushDemoUITests */,
				C66814CE1DE2F7D30003D7F0 /* YouYunPushContent */,
				C66814E11DE2F9210003D7F0 /* YouYunPushService */,
				C66814B11DE2D61C0003D7F0 /* Frameworks */,
				C6D669C91DCAED15008C4DE3 /* Products */,
			);
			sourceTree = "<group>";
		};
		C6D669C91DCAED15008C4DE3 /* Products */ = {
			isa = PBXGroup;
			children = (
				C6D669C81DCAED15008C4DE3 /* YouYunPushDemo.app */,
				C6D669E11DCAED15008C4DE3 /* YouYunPushDemoTests.xctest */,
				C6D669EC1DCAED15008C4DE3 /* YouYunPushDemoUITests.xctest */,
				C66814CB1DE2F7D30003D7F0 /* YouYunPushContent.appex */,
				C66814E01DE2F9210003D7F0 /* YouYunPushService.appex */,
			);
			name = Products;
			sourceTree = "<group>";
		};
		C6D669CA1DCAED15008C4DE3 /* YouYunPushDemo */ = {
			isa = PBXGroup;
			children = (
				C6D66A021DCAEE16008C4DE3 /* Vendor */,
				C6D669FE1DCAED26008C4DE3 /* YouYunPushDemo.entitlements */,
				C6D669CE1DCAED15008C4DE3 /* AppDelegate.h */,
				C6D669CF1DCAED15008C4DE3 /* AppDelegate.m */,
				C6D669D11DCAED15008C4DE3 /* ViewController.h */,
				C6D669D21DCAED15008C4DE3 /* ViewController.m */,
				C6D669D41DCAED15008C4DE3 /* Main.storyboard */,
				C6D669D71DCAED15008C4DE3 /* Assets.xcassets */,
				C6D669D91DCAED15008C4DE3 /* LaunchScreen.storyboard */,
				C6D669DC1DCAED15008C4DE3 /* Info.plist */,
				C6D669CB1DCAED15008C4DE3 /* Supporting Files */,
			);
			path = YouYunPushDemo;
			sourceTree = "<group>";
		};
		C6D669CB1DCAED15008C4DE3 /* Supporting Files */ = {
			isa = PBXGroup;
			children = (
				C6562C061DCB3ADB006C5273 /* icon.png */,
				C6D669CC1DCAED15008C4DE3 /* main.m */,
			);
			name = "Supporting Files";
			sourceTree = "<group>";
		};
		C6D669E41DCAED15008C4DE3 /* YouYunPushDemoTests */ = {
			isa = PBXGroup;
			children = (
				C6D669E51DCAED15008C4DE3 /* YouYunPushDemoTests.m */,
				C6D669E71DCAED15008C4DE3 /* Info.plist */,
			);
			path = YouYunPushDemoTests;
			sourceTree = "<group>";
		};
		C6D669EF1DCAED15008C4DE3 /* YouYunPushDemoUITests */ = {
			isa = PBXGroup;
			children = (
				C6D669F01DCAED15008C4DE3 /* YouYunPushDemoUITests.m */,
				C6D669F21DCAED15008C4DE3 /* Info.plist */,
			);
			path = YouYunPushDemoUITests;
			sourceTree = "<group>";
		};
		C6D66A021DCAEE16008C4DE3 /* Vendor */ = {
			isa = PBXGroup;
			children = (
				C66062481DEC32A50041A9C6 /* YouYunPush.framework */,
			);
			path = Vendor;
			sourceTree = "<group>";
		};
/* End PBXGroup section */

/* Begin PBXNativeTarget section */
		C66814CA1DE2F7D30003D7F0 /* YouYunPushContent */ = {
			isa = PBXNativeTarget;
			buildConfigurationList = C66814D91DE2F7D30003D7F0 /* Build configuration list for PBXNativeTarget "YouYunPushContent" */;
			buildPhases = (
				C66814C71DE2F7D30003D7F0 /* Sources */,
				C66814C81DE2F7D30003D7F0 /* Frameworks */,
				C66814C91DE2F7D30003D7F0 /* Resources */,
			);
			buildRules = (
			);
			dependencies = (
			);
			name = YouYunPushContent;
			productName = YouYunPushContent;
			productReference = C66814CB1DE2F7D30003D7F0 /* YouYunPushContent.appex */;
			productType = "com.apple.product-type.app-extension";
		};
		C66814DF1DE2F9210003D7F0 /* YouYunPushService */ = {
			isa = PBXNativeTarget;
			buildConfigurationList = C66814E91DE2F9210003D7F0 /* Build configuration list for PBXNativeTarget "YouYunPushService" */;
			buildPhases = (
				C66814DC1DE2F9210003D7F0 /* Sources */,
				C66814DD1DE2F9210003D7F0 /* Frameworks */,
				C66814DE1DE2F9210003D7F0 /* Resources */,
			);
			buildRules = (
			);
			dependencies = (
			);
			name = YouYunPushService;
			productName = YouYunPushService;
			productReference = C66814E01DE2F9210003D7F0 /* YouYunPushService.appex */;
			productType = "com.apple.product-type.app-extension";
		};
		C6D669C71DCAED15008C4DE3 /* YouYunPushDemo */ = {
			isa = PBXNativeTarget;
			buildConfigurationList = C6D669F51DCAED15008C4DE3 /* Build configuration list for PBXNativeTarget "YouYunPushDemo" */;
			buildPhases = (
				C6D669C41DCAED15008C4DE3 /* Sources */,
				C6D669C51DCAED15008C4DE3 /* Frameworks */,
				C6D669C61DCAED15008C4DE3 /* Resources */,
				C6E451B41DCAFB4400B32B74 /* Embed Frameworks */,
				C66814C61DE2D61D0003D7F0 /* Embed App Extensions */,
			);
			buildRules = (
			);
			dependencies = (
				C66814D71DE2F7D30003D7F0 /* PBXTargetDependency */,
				C66814E71DE2F9210003D7F0 /* PBXTargetDependency */,
			);
			name = YouYunPushDemo;
			productName = YouYunPushDemo;
			productReference = C6D669C81DCAED15008C4DE3 /* YouYunPushDemo.app */;
			productType = "com.apple.product-type.application";
		};
		C6D669E01DCAED15008C4DE3 /* YouYunPushDemoTests */ = {
			isa = PBXNativeTarget;
			buildConfigurationList = C6D669F81DCAED15008C4DE3 /* Build configuration list for PBXNativeTarget "YouYunPushDemoTests" */;
			buildPhases = (
				C6D669DD1DCAED15008C4DE3 /* Sources */,
				C6D669DE1DCAED15008C4DE3 /* Frameworks */,
				C6D669DF1DCAED15008C4DE3 /* Resources */,
			);
			buildRules = (
			);
			dependencies = (
				C6D669E31DCAED15008C4DE3 /* PBXTargetDependency */,
			);
			name = YouYunPushDemoTests;
			productName = YouYunPushDemoTests;
			productReference = C6D669E11DCAED15008C4DE3 /* YouYunPushDemoTests.xctest */;
			productType = "com.apple.product-type.bundle.unit-test";
		};
		C6D669EB1DCAED15008C4DE3 /* YouYunPushDemoUITests */ = {
			isa = PBXNativeTarget;
			buildConfigurationList = C6D669FB1DCAED15008C4DE3 /* Build configuration list for PBXNativeTarget "YouYunPushDemoUITests" */;
			buildPhases = (
				C6D669E81DCAED15008C4DE3 /* Sources */,
				C6D669E91DCAED15008C4DE3 /* Frameworks */,
				C6D669EA1DCAED15008C4DE3 /* Resources */,
			);
			buildRules = (
			);
			dependencies = (
				C6D669EE1DCAED15008C4DE3 /* PBXTargetDependency */,
			);
			name = YouYunPushDemoUITests;
			productName = YouYunPushDemoUITests;
			productReference = C6D669EC1DCAED15008C4DE3 /* YouYunPushDemoUITests.xctest */;
			productType = "com.apple.product-type.bundle.ui-testing";
		};
/* End PBXNativeTarget section */

/* Begin PBXProject section */
		C6D669C01DCAED15008C4DE3 /* Project object */ = {
			isa = PBXProject;
			attributes = {
				LastUpgradeCheck = 0810;
				ORGANIZATIONNAME = YouYun;
				TargetAttributes = {
					C66814CA1DE2F7D30003D7F0 = {
						CreatedOnToolsVersion = 8.1;
						DevelopmentTeam = 3G36927JA3;
						ProvisioningStyle = Automatic;
					};
					C66814DF1DE2F9210003D7F0 = {
						CreatedOnToolsVersion = 8.1;
						DevelopmentTeam = 3G36927JA3;
						ProvisioningStyle = Automatic;
					};
					C6D669C71DCAED15008C4DE3 = {
						CreatedOnToolsVersion = 8.1;
						DevelopmentTeam = 3G36927JA3;
						ProvisioningStyle = Automatic;
						SystemCapabilities = {
							com.apple.Push = {
								enabled = 1;
							};
						};
					};
					C6D669E01DCAED15008C4DE3 = {
						CreatedOnToolsVersion = 8.1;
						ProvisioningStyle = Automatic;
						TestTargetID = C6D669C71DCAED15008C4DE3;
					};
					C6D669EB1DCAED15008C4DE3 = {
						CreatedOnToolsVersion = 8.1;
						ProvisioningStyle = Automatic;
						TestTargetID = C6D669C71DCAED15008C4DE3;
					};
				};
			};
			buildConfigurationList = C6D669C31DCAED15008C4DE3 /* Build configuration list for PBXProject "YouYunPushDemo" */;
			compatibilityVersion = "Xcode 3.2";
			developmentRegion = English;
			hasScannedForEncodings = 0;
			knownRegions = (
				en,
				Base,
			);
			mainGroup = C6D669BF1DCAED15008C4DE3;
			productRefGroup = C6D669C91DCAED15008C4DE3 /* Products */;
			projectDirPath = "";
			projectRoot = "";
			targets = (
				C6D669C71DCAED15008C4DE3 /* YouYunPushDemo */,
				C6D669E01DCAED15008C4DE3 /* YouYunPushDemoTests */,
				C6D669EB1DCAED15008C4DE3 /* YouYunPushDemoUITests */,
				C66814CA1DE2F7D30003D7F0 /* YouYunPushContent */,
				C66814DF1DE2F9210003D7F0 /* YouYunPushService */,
			);
		};
/* End PBXProject section */

/* Begin PBXResourcesBuildPhase section */
		C66814C91DE2F7D30003D7F0 /* Resources */ = {
			isa = PBXResourcesBuildPhase;
			buildActionMask = 2147483647;
			files = (
				C66814D41DE2F7D30003D7F0 /* MainInterface.storyboard in Resources */,
			);
			runOnlyForDeploymentPostprocessing = 0;
		};
		C66814DE1DE2F9210003D7F0 /* Resources */ = {
			isa = PBXResourcesBuildPhase;
			buildActionMask = 2147483647;
			files = (
			);
			runOnlyForDeploymentPostprocessing = 0;
		};
		C6D669C61DCAED15008C4DE3 /* Resources */ = {
			isa = PBXResourcesBuildPhase;
			buildActionMask = 2147483647;
			files = (
				C6562C071DCB3ADB006C5273 /* icon.png in Resources */,
				C6D669DB1DCAED15008C4DE3 /* LaunchScreen.storyboard in Resources */,
				C6D669D81DCAED15008C4DE3 /* Assets.xcassets in Resources */,
				C6D669D61DCAED15008C4DE3 /* Main.storyboard in Resources */,
			);
			runOnlyForDeploymentPostprocessing = 0;
		};
		C6D669DF1DCAED15008C4DE3 /* Resources */ = {
			isa = PBXResourcesBuildPhase;
			buildActionMask = 2147483647;
			files = (
			);
			runOnlyForDeploymentPostprocessing = 0;
		};
		C6D669EA1DCAED15008C4DE3 /* Resources */ = {
			isa = PBXResourcesBuildPhase;
			buildActionMask = 2147483647;
			files = (
			);
			runOnlyForDeploymentPostprocessing = 0;
		};
/* End PBXResourcesBuildPhase section */

/* Begin PBXSourcesBuildPhase section */
		C66814C71DE2F7D30003D7F0 /* Sources */ = {
			isa = PBXSourcesBuildPhase;
			buildActionMask = 2147483647;
			files = (
				C66814D11DE2F7D30003D7F0 /* NotificationViewController.m in Sources */,
			);
			runOnlyForDeploymentPostprocessing = 0;
		};
		C66814DC1DE2F9210003D7F0 /* Sources */ = {
			isa = PBXSourcesBuildPhase;
			buildActionMask = 2147483647;
			files = (
				C66814E41DE2F9210003D7F0 /* NotificationService.m in Sources */,
			);
			runOnlyForDeploymentPostprocessing = 0;
		};
		C6D669C41DCAED15008C4DE3 /* Sources */ = {
			isa = PBXSourcesBuildPhase;
			buildActionMask = 2147483647;
			files = (
				C6D669D31DCAED15008C4DE3 /* ViewController.m in Sources */,
				C6D669D01DCAED15008C4DE3 /* AppDelegate.m in Sources */,
				C6D669CD1DCAED15008C4DE3 /* main.m in Sources */,
			);
			runOnlyForDeploymentPostprocessing = 0;
		};
		C6D669DD1DCAED15008C4DE3 /* Sources */ = {
			isa = PBXSourcesBuildPhase;
			buildActionMask = 2147483647;
			files = (
				C6D669E61DCAED15008C4DE3 /* YouYunPushDemoTests.m in Sources */,
			);
			runOnlyForDeploymentPostprocessing = 0;
		};
		C6D669E81DCAED15008C4DE3 /* Sources */ = {
			isa = PBXSourcesBuildPhase;
			buildActionMask = 2147483647;
			files = (
				C6D669F11DCAED15008C4DE3 /* YouYunPushDemoUITests.m in Sources */,
			);
			runOnlyForDeploymentPostprocessing = 0;
		};
/* End PBXSourcesBuildPhase section */

/* Begin PBXTargetDependency section */
		C66814D71DE2F7D30003D7F0 /* PBXTargetDependency */ = {
			isa = PBXTargetDependency;
			target = C66814CA1DE2F7D30003D7F0 /* YouYunPushContent */;
			targetProxy = C66814D61DE2F7D30003D7F0 /* PBXContainerItemProxy */;
		};
		C66814E71DE2F9210003D7F0 /* PBXTargetDependency */ = {
			isa = PBXTargetDependency;
			target = C66814DF1DE2F9210003D7F0 /* YouYunPushService */;
			targetProxy = C66814E61DE2F9210003D7F0 /* PBXContainerItemProxy */;
		};
		C6D669E31DCAED15008C4DE3 /* PBXTargetDependency */ = {
			isa = PBXTargetDependency;
			target = C6D669C71DCAED15008C4DE3 /* YouYunPushDemo */;
			targetProxy = C6D669E21DCAED15008C4DE3 /* PBXContainerItemProxy */;
		};
		C6D669EE1DCAED15008C4DE3 /* PBXTargetDependency */ = {
			isa = PBXTargetDependency;
			target = C6D669C71DCAED15008C4DE3 /* YouYunPushDemo */;
			targetProxy = C6D669ED1DCAED15008C4DE3 /* PBXContainerItemProxy */;
		};
/* End PBXTargetDependency section */

/* Begin PBXVariantGroup section */
		C66814D21DE2F7D30003D7F0 /* MainInterface.storyboard */ = {
			isa = PBXVariantGroup;
			children = (
				C66814D31DE2F7D30003D7F0 /* Base */,
			);
			name = MainInterface.storyboard;
			sourceTree = "<group>";
		};
		C6D669D41DCAED15008C4DE3 /* Main.storyboard */ = {
			isa = PBXVariantGroup;
			children = (
				C6D669D51DCAED15008C4DE3 /* Base */,
			);
			name = Main.storyboard;
			sourceTree = "<group>";
		};
		C6D669D91DCAED15008C4DE3 /* LaunchScreen.storyboard */ = {
			isa = PBXVariantGroup;
			children = (
				C6D669DA1DCAED15008C4DE3 /* Base */,
			);
			name = LaunchScreen.storyboard;
			sourceTree = "<group>";
		};
/* End PBXVariantGroup section */

/* Begin XCBuildConfiguration section */
		C66814DA1DE2F7D30003D7F0 /* Debug */ = {
			isa = XCBuildConfiguration;
			buildSettings = {
				DEVELOPMENT_TEAM = 3G36927JA3;
				INFOPLIST_FILE = YouYunPushContent/Info.plist;
				IPHONEOS_DEPLOYMENT_TARGET = 10.0;
				LD_RUNPATH_SEARCH_PATHS = "$(inherited) @executable_path/Frameworks @executable_path/../../Frameworks";
				PRODUCT_BUNDLE_IDENTIFIER = com.shihui.SHPushSDKDemo.YouYunPushContent;
				PRODUCT_NAME = "$(TARGET_NAME)";
				SKIP_INSTALL = YES;
			};
			name = Debug;
		};
		C66814DB1DE2F7D30003D7F0 /* Release */ = {
			isa = XCBuildConfiguration;
			buildSettings = {
				DEVELOPMENT_TEAM = 3G36927JA3;
				INFOPLIST_FILE = YouYunPushContent/Info.plist;
				IPHONEOS_DEPLOYMENT_TARGET = 10.0;
				LD_RUNPATH_SEARCH_PATHS = "$(inherited) @executable_path/Frameworks @executable_path/../../Frameworks";
				PRODUCT_BUNDLE_IDENTIFIER = com.shihui.SHPushSDKDemo.YouYunPushContent;
				PRODUCT_NAME = "$(TARGET_NAME)";
				SKIP_INSTALL = YES;
			};
			name = Release;
		};
		C66814EA1DE2F9210003D7F0 /* Debug */ = {
			isa = XCBuildConfiguration;
			buildSettings = {
				DEVELOPMENT_TEAM = 3G36927JA3;
				INFOPLIST_FILE = YouYunPushService/Info.plist;
				IPHONEOS_DEPLOYMENT_TARGET = 10.0;
				LD_RUNPATH_SEARCH_PATHS = "$(inherited) @executable_path/Frameworks @executable_path/../../Frameworks";
				PRODUCT_BUNDLE_IDENTIFIER = com.shihui.SHPushSDKDemo.YouYunPushService;
				PRODUCT_NAME = "$(TARGET_NAME)";
				SKIP_INSTALL = YES;
			};
			name = Debug;
		};
		C66814EB1DE2F9210003D7F0 /* Release */ = {
			isa = XCBuildConfiguration;
			buildSettings = {
				DEVELOPMENT_TEAM = 3G36927JA3;
				INFOPLIST_FILE = YouYunPushService/Info.plist;
				IPHONEOS_DEPLOYMENT_TARGET = 10.0;
				LD_RUNPATH_SEARCH_PATHS = "$(inherited) @executable_path/Frameworks @executable_path/../../Frameworks";
				PRODUCT_BUNDLE_IDENTIFIER = com.shihui.SHPushSDKDemo.YouYunPushService;
				PRODUCT_NAME = "$(TARGET_NAME)";
				SKIP_INSTALL = YES;
			};
			name = Release;
		};
		C6D669F31DCAED15008C4DE3 /* Debug */ = {
			isa = XCBuildConfiguration;
			buildSettings = {
				ALWAYS_SEARCH_USER_PATHS = NO;
				CLANG_ANALYZER_NONNULL = YES;
				CLANG_CXX_LANGUAGE_STANDARD = "gnu++0x";
				CLANG_CXX_LIBRARY = "libc++";
				CLANG_ENABLE_MODULES = YES;
				CLANG_ENABLE_OBJC_ARC = YES;
				CLANG_WARN_BOOL_CONVERSION = YES;
				CLANG_WARN_CONSTANT_CONVERSION = YES;
				CLANG_WARN_DIRECT_OBJC_ISA_USAGE = YES_ERROR;
				CLANG_WARN_DOCUMENTATION_COMMENTS = YES;
				CLANG_WARN_EMPTY_BODY = YES;
				CLANG_WARN_ENUM_CONVERSION = YES;
				CLANG_WARN_INFINITE_RECURSION = YES;
				CLANG_WARN_INT_CONVERSION = YES;
				CLANG_WARN_OBJC_ROOT_CLASS = YES_ERROR;
				CLANG_WARN_SUSPICIOUS_MOVES = YES;
				CLANG_WARN_UNREACHABLE_CODE = YES;
				CLANG_WARN__DUPLICATE_METHOD_MATCH = YES;
				"CODE_SIGN_IDENTITY[sdk=iphoneos*]" = "iPhone Developer";
				COPY_PHASE_STRIP = NO;
				DEBUG_INFORMATION_FORMAT = dwarf;
				ENABLE_STRICT_OBJC_MSGSEND = YES;
				ENABLE_TESTABILITY = YES;
				GCC_C_LANGUAGE_STANDARD = gnu99;
				GCC_DYNAMIC_NO_PIC = NO;
				GCC_NO_COMMON_BLOCKS = YES;
				GCC_OPTIMIZATION_LEVEL = 0;
				GCC_PREPROCESSOR_DEFINITIONS = (
					"DEBUG=1",
					"$(inherited)",
				);
				GCC_WARN_64_TO_32_BIT_CONVERSION = YES;
				GCC_WARN_ABOUT_RETURN_TYPE = YES_ERROR;
				GCC_WARN_UNDECLARED_SELECTOR = YES;
				GCC_WARN_UNINITIALIZED_AUTOS = YES_AGGRESSIVE;
				GCC_WARN_UNUSED_FUNCTION = YES;
				GCC_WARN_UNUSED_VARIABLE = YES;
				IPHONEOS_DEPLOYMENT_TARGET = 10.1;
				MTL_ENABLE_DEBUG_INFO = YES;
				ONLY_ACTIVE_ARCH = YES;
				SDKROOT = iphoneos;
				TARGETED_DEVICE_FAMILY = "1,2";
			};
			name = Debug;
		};
		C6D669F41DCAED15008C4DE3 /* Release */ = {
			isa = XCBuildConfiguration;
			buildSettings = {
				ALWAYS_SEARCH_USER_PATHS = NO;
				CLANG_ANALYZER_NONNULL = YES;
				CLANG_CXX_LANGUAGE_STANDARD = "gnu++0x";
				CLANG_CXX_LIBRARY = "libc++";
				CLANG_ENABLE_MODULES = YES;
				CLANG_ENABLE_OBJC_ARC = YES;
				CLANG_WARN_BOOL_CONVERSION = YES;
				CLANG_WARN_CONSTANT_CONVERSION = YES;
				CLANG_WARN_DIRECT_OBJC_ISA_USAGE = YES_ERROR;
				CLANG_WARN_DOCUMENTATION_COMMENTS = YES;
				CLANG_WARN_EMPTY_BODY = YES;
				CLANG_WARN_ENUM_CONVERSION = YES;
				CLANG_WARN_INFINITE_RECURSION = YES;
				CLANG_WARN_INT_CONVERSION = YES;
				CLANG_WARN_OBJC_ROOT_CLASS = YES_ERROR;
				CLANG_WARN_SUSPICIOUS_MOVES = YES;
				CLANG_WARN_UNREACHABLE_CODE = YES;
				CLANG_WARN__DUPLICATE_METHOD_MATCH = YES;
				"CODE_SIGN_IDENTITY[sdk=iphoneos*]" = "iPhone Developer";
				COPY_PHASE_STRIP = NO;
				DEBUG_INFORMATION_FORMAT = "dwarf-with-dsym";
				ENABLE_NS_ASSERTIONS = NO;
				ENABLE_STRICT_OBJC_MSGSEND = YES;
				GCC_C_LANGUAGE_STANDARD = gnu99;
				GCC_NO_COMMON_BLOCKS = YES;
				GCC_WARN_64_TO_32_BIT_CONVERSION = YES;
				GCC_WARN_ABOUT_RETURN_TYPE = YES_ERROR;
				GCC_WARN_UNDECLARED_SELECTOR = YES;
				GCC_WARN_UNINITIALIZED_AUTOS = YES_AGGRESSIVE;
				GCC_WARN_UNUSED_FUNCTION = YES;
				GCC_WARN_UNUSED_VARIABLE = YES;
				IPHONEOS_DEPLOYMENT_TARGET = 10.1;
				MTL_ENABLE_DEBUG_INFO = NO;
				SDKROOT = iphoneos;
				TARGETED_DEVICE_FAMILY = "1,2";
				VALIDATE_PRODUCT = YES;
			};
			name = Release;
		};
		C6D669F61DCAED15008C4DE3 /* Debug */ = {
			isa = XCBuildConfiguration;
			buildSettings = {
				ASSETCATALOG_COMPILER_APPICON_NAME = AppIcon;
				CODE_SIGN_ENTITLEMENTS = YouYunPushDemo/YouYunPushDemo.entitlements;
				"CODE_SIGN_IDENTITY[sdk=iphoneos*]" = "iPhone Developer";
				DEVELOPMENT_TEAM = 3G36927JA3;
				FRAMEWORK_SEARCH_PATHS = (
					"$(inherited)",
					"$(PROJECT_DIR)/YouYunPushDemo/Vendor",
				);
				INFOPLIST_FILE = YouYunPushDemo/Info.plist;
				IPHONEOS_DEPLOYMENT_TARGET = 8.0;
				LD_RUNPATH_SEARCH_PATHS = "$(inherited) @executable_path/Frameworks";
				PRODUCT_BUNDLE_IDENTIFIER = com.shihui.SHPushSDKDemo;
				PRODUCT_NAME = "$(TARGET_NAME)";
			};
			name = Debug;
		};
		C6D669F71DCAED15008C4DE3 /* Release */ = {
			isa = XCBuildConfiguration;
			buildSettings = {
				ASSETCATALOG_COMPILER_APPICON_NAME = AppIcon;
				CODE_SIGN_ENTITLEMENTS = YouYunPushDemo/YouYunPushDemo.entitlements;
				"CODE_SIGN_IDENTITY[sdk=iphoneos*]" = "iPhone Developer";
				DEVELOPMENT_TEAM = 3G36927JA3;
				FRAMEWORK_SEARCH_PATHS = (
					"$(inherited)",
					"$(PROJECT_DIR)/YouYunPushDemo/Vendor",
				);
				INFOPLIST_FILE = YouYunPushDemo/Info.plist;
				IPHONEOS_DEPLOYMENT_TARGET = 8.0;
				LD_RUNPATH_SEARCH_PATHS = "$(inherited) @executable_path/Frameworks";
				PRODUCT_BUNDLE_IDENTIFIER = com.shihui.SHPushSDKDemo;
				PRODUCT_NAME = "$(TARGET_NAME)";
			};
			name = Release;
		};
		C6D669F91DCAED15008C4DE3 /* Debug */ = {
			isa = XCBuildConfiguration;
			buildSettings = {
				BUNDLE_LOADER = "$(TEST_HOST)";
				INFOPLIST_FILE = YouYunPushDemoTests/Info.plist;
				LD_RUNPATH_SEARCH_PATHS = "$(inherited) @executable_path/Frameworks @loader_path/Frameworks";
				PRODUCT_BUNDLE_IDENTIFIER = com.shihui.SHPushSDKDemo.YouYunPushDemoTests;
				PRODUCT_NAME = "$(TARGET_NAME)";
				TEST_HOST = "$(BUILT_PRODUCTS_DIR)/YouYunPushDemo.app/YouYunPushDemo";
			};
			name = Debug;
		};
		C6D669FA1DCAED15008C4DE3 /* Release */ = {
			isa = XCBuildConfiguration;
			buildSettings = {
				BUNDLE_LOADER = "$(TEST_HOST)";
				INFOPLIST_FILE = YouYunPushDemoTests/Info.plist;
				LD_RUNPATH_SEARCH_PATHS = "$(inherited) @executable_path/Frameworks @loader_path/Frameworks";
				PRODUCT_BUNDLE_IDENTIFIER = com.shihui.SHPushSDKDemo.YouYunPushDemoTests;
				PRODUCT_NAME = "$(TARGET_NAME)";
				TEST_HOST = "$(BUILT_PRODUCTS_DIR)/YouYunPushDemo.app/YouYunPushDemo";
			};
			name = Release;
		};
		C6D669FC1DCAED15008C4DE3 /* Debug */ = {
			isa = XCBuildConfiguration;
			buildSettings = {
				INFOPLIST_FILE = YouYunPushDemoUITests/Info.plist;
				LD_RUNPATH_SEARCH_PATHS = "$(inherited) @executable_path/Frameworks @loader_path/Frameworks";
				PRODUCT_BUNDLE_IDENTIFIER = com.shihui.SHPushSDKDemo.YouYunPushDemoUITests;
				PRODUCT_NAME = "$(TARGET_NAME)";
				TEST_TARGET_NAME = YouYunPushDemo;
			};
			name = Debug;
		};
		C6D669FD1DCAED15008C4DE3 /* Release */ = {
			isa = XCBuildConfiguration;
			buildSettings = {
				INFOPLIST_FILE = YouYunPushDemoUITests/Info.plist;
				LD_RUNPATH_SEARCH_PATHS = "$(inherited) @executable_path/Frameworks @loader_path/Frameworks";
				PRODUCT_BUNDLE_IDENTIFIER = com.shihui.SHPushSDKDemo.YouYunPushDemoUITests;
				PRODUCT_NAME = "$(TARGET_NAME)";
				TEST_TARGET_NAME = YouYunPushDemo;
			};
			name = Release;
		};
/* End XCBuildConfiguration section */

/* Begin XCConfigurationList section */
		C66814D91DE2F7D30003D7F0 /* Build configuration list for PBXNativeTarget "YouYunPushContent" */ = {
			isa = XCConfigurationList;
			buildConfigurations = (
				C66814DA1DE2F7D30003D7F0 /* Debug */,
				C66814DB1DE2F7D30003D7F0 /* Release */,
			);
			defaultConfigurationIsVisible = 0;
			defaultConfigurationName = Release;
		};
		C66814E91DE2F9210003D7F0 /* Build configuration list for PBXNativeTarget "YouYunPushService" */ = {
			isa = XCConfigurationList;
			buildConfigurations = (
				C66814EA1DE2F9210003D7F0 /* Debug */,
				C66814EB1DE2F9210003D7F0 /* Release */,
			);
			defaultConfigurationIsVisible = 0;
			defaultConfigurationName = Release;
		};
		C6D669C31DCAED15008C4DE3 /* Build configuration list for PBXProject "YouYunPushDemo" */ = {
			isa = XCConfigurationList;
			buildConfigurations = (
				C6D669F31DCAED15008C4DE3 /* Debug */,
				C6D669F41DCAED15008C4DE3 /* Release */,
			);
			defaultConfigurationIsVisible = 0;
			defaultConfigurationName = Release;
		};
		C6D669F51DCAED15008C4DE3 /* Build configuration list for PBXNativeTarget "YouYunPushDemo" */ = {
			isa = XCConfigurationList;
			buildConfigurations = (
				C6D669F61DCAED15008C4DE3 /* Debug */,
				C6D669F71DCAED15008C4DE3 /* Release */,
			);
			defaultConfigurationIsVisible = 0;
			defaultConfigurationName = Release;
		};
		C6D669F81DCAED15008C4DE3 /* Build configuration list for PBXNativeTarget "YouYunPushDemoTests" */ = {
			isa = XCConfigurationList;
			buildConfigurations = (
				C6D669F91DCAED15008C4DE3 /* Debug */,
				C6D669FA1DCAED15008C4DE3 /* Release */,
			);
			defaultConfigurationIsVisible = 0;
			defaultConfigurationName = Release;
		};
		C6D669FB1DCAED15008C4DE3 /* Build configuration list for PBXNativeTarget "YouYunPushDemoUITests" */ = {
			isa = XCConfigurationList;
			buildConfigurations = (
				C6D669FC1DCAED15008C4DE3 /* Debug */,
				C6D669FD1DCAED15008C4DE3 /* Release */,
			);
			defaultConfigurationIsVisible = 0;
			defaultConfigurationName = Release;
		};
/* End XCConfigurationList section */
	};
	rootObject = C6D669C01DCAED15008C4DE3 /* Project object */;
}
